// !$*UTF8*$!
{
	archiveVersion = 1;
	classes = {
	};
	objectVersion = 50;
	objects = {

/* Begin PBXBuildFile section */
		FF5B9170252670B300462DE7 /* MainMenuScene.swift in Sources */ = {isa = PBXBuildFile; fileRef = FF5B916F252670B300462DE7 /* MainMenuScene.swift */; };
		FFD82DEE252CCC300034012E /* ButtonElements.swift in Sources */ = {isa = PBXBuildFile; fileRef = FFD82DED252CCC300034012E /* ButtonElements.swift */; };
		FFD82DF1252CCC460034012E /* MainMenuElements.swift in Sources */ = {isa = PBXBuildFile; fileRef = FFD82DF0252CCC460034012E /* MainMenuElements.swift */; };
		FFD82DF5252CCE460034012E /* ChooseLevelScene.swift in Sources */ = {isa = PBXBuildFile; fileRef = FFD82DF4252CCE460034012E /* ChooseLevelScene.swift */; };
		FFD82DF9252CCF070034012E /* LevelOneScene.swift in Sources */ = {isa = PBXBuildFile; fileRef = FFD82DF8252CCF070034012E /* LevelOneScene.swift */; };
		FFD82DFD252CCF130034012E /* LevelTwoScene.swift in Sources */ = {isa = PBXBuildFile; fileRef = FFD82DFC252CCF130034012E /* LevelTwoScene.swift */; };
		FFD82E00252CCF220034012E /* LevelThreeScene.swift in Sources */ = {isa = PBXBuildFile; fileRef = FFD82DFF252CCF220034012E /* LevelThreeScene.swift */; };
		FFD82E03252CCF360034012E /* LevelFourScene.swift in Sources */ = {isa = PBXBuildFile; fileRef = FFD82E02252CCF360034012E /* LevelFourScene.swift */; };
		FFD82E07252CCF610034012E /* LevelTwoElements.swift in Sources */ = {isa = PBXBuildFile; fileRef = FFD82E06252CCF610034012E /* LevelTwoElements.swift */; };
		FFD82E0A252CCF6E0034012E /* LevelThreeElements.swift in Sources */ = {isa = PBXBuildFile; fileRef = FFD82E09252CCF6E0034012E /* LevelThreeElements.swift */; };
		FFD82E0D252CCF7B0034012E /* LevelFourElements.swift in Sources */ = {isa = PBXBuildFile; fileRef = FFD82E0C252CCF7B0034012E /* LevelFourElements.swift */; };
		FFEA1C50251FBA8800E007E8 /* AppDelegate.swift in Sources */ = {isa = PBXBuildFile; fileRef = FFEA1C4F251FBA8800E007E8 /* AppDelegate.swift */; };
		FFEA1C52251FBA8800E007E8 /* GameScene.sks in Resources */ = {isa = PBXBuildFile; fileRef = FFEA1C51251FBA8800E007E8 /* GameScene.sks */; };
		FFEA1C54251FBA8800E007E8 /* Actions.sks in Resources */ = {isa = PBXBuildFile; fileRef = FFEA1C53251FBA8800E007E8 /* Actions.sks */; };
		FFEA1C58251FBA8800E007E8 /* GameViewController.swift in Sources */ = {isa = PBXBuildFile; fileRef = FFEA1C57251FBA8800E007E8 /* GameViewController.swift */; };
		FFEA1C5B251FBA8800E007E8 /* Main.storyboard in Resources */ = {isa = PBXBuildFile; fileRef = FFEA1C59251FBA8800E007E8 /* Main.storyboard */; };
		FFEA1C5D251FBA8C00E007E8 /* Assets.xcassets in Resources */ = {isa = PBXBuildFile; fileRef = FFEA1C5C251FBA8C00E007E8 /* Assets.xcassets */; };
		FFEA1C89251FBB9600E007E8 /* CoinSound.mp3 in Resources */ = {isa = PBXBuildFile; fileRef = FFEA1C88251FBB9600E007E8 /* CoinSound.mp3 */; };
		FFEA1C8E251FBD7400E007E8 /* LevelOneElements.swift in Sources */ = {isa = PBXBuildFile; fileRef = FFEA1C8D251FBD7400E007E8 /* LevelOneElements.swift */; };
		FFEA1CA72520783A00E007E8 /* player.atlas in Resources */ = {isa = PBXBuildFile; fileRef = FFEA1CA62520783A00E007E8 /* player.atlas */; };
/* End PBXBuildFile section */

/* Begin PBXFileReference section */
		FF5B916F252670B300462DE7 /* MainMenuScene.swift */ = {isa = PBXFileReference; lastKnownFileType = sourcecode.swift; path = MainMenuScene.swift; sourceTree = "<group>"; };
		FFD82DED252CCC300034012E /* ButtonElements.swift */ = {isa = PBXFileReference; lastKnownFileType = sourcecode.swift; path = ButtonElements.swift; sourceTree = "<group>"; };
		FFD82DF0252CCC460034012E /* MainMenuElements.swift */ = {isa = PBXFileReference; lastKnownFileType = sourcecode.swift; path = MainMenuElements.swift; sourceTree = "<group>"; };
		FFD82DF4252CCE460034012E /* ChooseLevelScene.swift */ = {isa = PBXFileReference; lastKnownFileType = sourcecode.swift; path = ChooseLevelScene.swift; sourceTree = "<group>"; };
		FFD82DF8252CCF070034012E /* LevelOneScene.swift */ = {isa = PBXFileReference; lastKnownFileType = sourcecode.swift; path = LevelOneScene.swift; sourceTree = "<group>"; };
		FFD82DFC252CCF130034012E /* LevelTwoScene.swift */ = {isa = PBXFileReference; lastKnownFileType = sourcecode.swift; path = LevelTwoScene.swift; sourceTree = "<group>"; };
		FFD82DFF252CCF220034012E /* LevelThreeScene.swift */ = {isa = PBXFileReference; lastKnownFileType = sourcecode.swift; path = LevelThreeScene.swift; sourceTree = "<group>"; };
		FFD82E02252CCF360034012E /* LevelFourScene.swift */ = {isa = PBXFileReference; lastKnownFileType = sourcecode.swift; path = LevelFourScene.swift; sourceTree = "<group>"; };
		FFD82E06252CCF610034012E /* LevelTwoElements.swift */ = {isa = PBXFileReference; lastKnownFileType = sourcecode.swift; path = LevelTwoElements.swift; sourceTree = "<group>"; };
		FFD82E09252CCF6E0034012E /* LevelThreeElements.swift */ = {isa = PBXFileReference; lastKnownFileType = sourcecode.swift; path = LevelThreeElements.swift; sourceTree = "<group>"; };
		FFD82E0C252CCF7B0034012E /* LevelFourElements.swift */ = {isa = PBXFileReference; lastKnownFileType = sourcecode.swift; path = LevelFourElements.swift; sourceTree = "<group>"; };
		FFEA1C4C251FBA8800E007E8 /* Flappy Bao.app */ = {isa = PBXFileReference; explicitFileType = wrapper.application; includeInIndex = 0; path = "Flappy Bao.app"; sourceTree = BUILT_PRODUCTS_DIR; };
		FFEA1C4F251FBA8800E007E8 /* AppDelegate.swift */ = {isa = PBXFileReference; lastKnownFileType = sourcecode.swift; path = AppDelegate.swift; sourceTree = "<group>"; };
		FFEA1C51251FBA8800E007E8 /* GameScene.sks */ = {isa = PBXFileReference; lastKnownFileType = file.sks; path = GameScene.sks; sourceTree = "<group>"; };
		FFEA1C53251FBA8800E007E8 /* Actions.sks */ = {isa = PBXFileReference; lastKnownFileType = file.sks; path = Actions.sks; sourceTree = "<group>"; };
		FFEA1C57251FBA8800E007E8 /* GameViewController.swift */ = {isa = PBXFileReference; lastKnownFileType = sourcecode.swift; path = GameViewController.swift; sourceTree = "<group>"; };
		FFEA1C5A251FBA8800E007E8 /* Base */ = {isa = PBXFileReference; lastKnownFileType = file.storyboard; name = Base; path = Base.lproj/Main.storyboard; sourceTree = "<group>"; };
		FFEA1C5C251FBA8C00E007E8 /* Assets.xcassets */ = {isa = PBXFileReference; lastKnownFileType = folder.assetcatalog; path = Assets.xcassets; sourceTree = "<group>"; };
		FFEA1C88251FBB9600E007E8 /* CoinSound.mp3 */ = {isa = PBXFileReference; lastKnownFileType = audio.mp3; path = CoinSound.mp3; sourceTree = "<group>"; };
		FFEA1C8D251FBD7400E007E8 /* LevelOneElements.swift */ = {isa = PBXFileReference; lastKnownFileType = sourcecode.swift; path = LevelOneElements.swift; sourceTree = "<group>"; };
		FFEA1C92251FBE1C00E007E8 /* Info.plist */ = {isa = PBXFileReference; lastKnownFileType = text.plist.xml; path = Info.plist; sourceTree = "<group>"; };
		FFEA1CA62520783A00E007E8 /* player.atlas */ = {isa = PBXFileReference; lastKnownFileType = folder.skatlas; path = player.atlas; sourceTree = "<group>"; };
/* End PBXFileReference section */

/* Begin PBXFrameworksBuildPhase section */
		FFEA1C49251FBA8800E007E8 /* Frameworks */ = {
			isa = PBXFrameworksBuildPhase;
			buildActionMask = 2147483647;
			files = (
			);
			runOnlyForDeploymentPostprocessing = 0;
		};
/* End PBXFrameworksBuildPhase section */

/* Begin PBXGroup section */
		FFD82DCE252CC50F0034012E /* Template */ = {
			isa = PBXGroup;
			children = (
				FFEA1C4F251FBA8800E007E8 /* AppDelegate.swift */,
				FFD82DED252CCC300034012E /* ButtonElements.swift */,
				FFD82DF0252CCC460034012E /* MainMenuElements.swift */,
				FFEA1C8D251FBD7400E007E8 /* LevelOneElements.swift */,
				FFD82E06252CCF610034012E /* LevelTwoElements.swift */,
				FFD82E09252CCF6E0034012E /* LevelThreeElements.swift */,
				FFD82E0C252CCF7B0034012E /* LevelFourElements.swift */,
			);
			path = Template;
			sourceTree = "<group>";
		};
		FFD82DCF252CC5210034012E /* View */ = {
			isa = PBXGroup;
			children = (
				FFEA1C57251FBA8800E007E8 /* GameViewController.swift */,
			);
			path = View;
			sourceTree = "<group>";
		};
		FFD82DD0252CC5290034012E /* Scenes */ = {
			isa = PBXGroup;
			children = (
				FF5B916F252670B300462DE7 /* MainMenuScene.swift */,
				FFD82DF4252CCE460034012E /* ChooseLevelScene.swift */,
				FFD82DF8252CCF070034012E /* LevelOneScene.swift */,
				FFD82DFC252CCF130034012E /* LevelTwoScene.swift */,
				FFD82DFF252CCF220034012E /* LevelThreeScene.swift */,
				FFD82E02252CCF360034012E /* LevelFourScene.swift */,
			);
			path = Scenes;
			sourceTree = "<group>";
		};
		FFEA1C43251FBA8800E007E8 = {
			isa = PBXGroup;
			children = (
				FFEA1C4E251FBA8800E007E8 /* Flappy Bao */,
				FFEA1C4D251FBA8800E007E8 /* Products */,
			);
			sourceTree = "<group>";
		};
		FFEA1C4D251FBA8800E007E8 /* Products */ = {
			isa = PBXGroup;
			children = (
				FFEA1C4C251FBA8800E007E8 /* Flappy Bao.app */,
			);
			name = Products;
			sourceTree = "<group>";
		};
		FFEA1C4E251FBA8800E007E8 /* Flappy Bao */ = {
			isa = PBXGroup;
			children = (
				FFEA1C51251FBA8800E007E8 /* GameScene.sks */,
				FFEA1C53251FBA8800E007E8 /* Actions.sks */,
				FFD82DCE252CC50F0034012E /* Template */,
				FFD82DD0252CC5290034012E /* Scenes */,
				FFD82DCF252CC5210034012E /* View */,
				FFEA1C59251FBA8800E007E8 /* Main.storyboard */,
				FFEA1C5C251FBA8C00E007E8 /* Assets.xcassets */,
				FFEA1CA62520783A00E007E8 /* player.atlas */,
				FFEA1C92251FBE1C00E007E8 /* Info.plist */,
				FFEA1C88251FBB9600E007E8 /* CoinSound.mp3 */,
			);
			path = "Flappy Bao";
			sourceTree = "<group>";
		};
/* End PBXGroup section */

/* Begin PBXNativeTarget section */
		FFEA1C4B251FBA8800E007E8 /* Flappy Bao */ = {
			isa = PBXNativeTarget;
			buildConfigurationList = FFEA1C77251FBA8C00E007E8 /* Build configuration list for PBXNativeTarget "Flappy Bao" */;
			buildPhases = (
				FFEA1C48251FBA8800E007E8 /* Sources */,
				FFEA1C49251FBA8800E007E8 /* Frameworks */,
				FFEA1C4A251FBA8800E007E8 /* Resources */,
			);
			buildRules = (
			);
			dependencies = (
			);
			name = "Flappy Bao";
			productName = "Flappy Bao";
			productReference = FFEA1C4C251FBA8800E007E8 /* Flappy Bao.app */;
			productType = "com.apple.product-type.application";
		};
/* End PBXNativeTarget section */

/* Begin PBXProject section */
		FFEA1C44251FBA8800E007E8 /* Project object */ = {
			isa = PBXProject;
			attributes = {
				LastSwiftUpdateCheck = 1200;
				LastUpgradeCheck = 1200;
				TargetAttributes = {
					FFEA1C4B251FBA8800E007E8 = {
						CreatedOnToolsVersion = 12.0.1;
					};
				};
			};
			buildConfigurationList = FFEA1C47251FBA8800E007E8 /* Build configuration list for PBXProject "Flappy Bao" */;
			compatibilityVersion = "Xcode 9.3";
			developmentRegion = en;
			hasScannedForEncodings = 0;
			knownRegions = (
				en,
				Base,
			);
			mainGroup = FFEA1C43251FBA8800E007E8;
			productRefGroup = FFEA1C4D251FBA8800E007E8 /* Products */;
			projectDirPath = "";
			projectRoot = "";
			targets = (
				FFEA1C4B251FBA8800E007E8 /* Flappy Bao */,
			);
		};
/* End PBXProject section */

/* Begin PBXResourcesBuildPhase section */
		FFEA1C4A251FBA8800E007E8 /* Resources */ = {
			isa = PBXResourcesBuildPhase;
			buildActionMask = 2147483647;
			files = (
				FFEA1CA72520783A00E007E8 /* player.atlas in Resources */,
				FFEA1C5B251FBA8800E007E8 /* Main.storyboard in Resources */,
				FFEA1C89251FBB9600E007E8 /* CoinSound.mp3 in Resources */,
				FFEA1C52251FBA8800E007E8 /* GameScene.sks in Resources */,
				FFEA1C5D251FBA8C00E007E8 /* Assets.xcassets in Resources */,
				FFEA1C54251FBA8800E007E8 /* Actions.sks in Resources */,
			);
			runOnlyForDeploymentPostprocessing = 0;
		};
/* End PBXResourcesBuildPhase section */

/* Begin PBXSourcesBuildPhase section */
		FFEA1C48251FBA8800E007E8 /* Sources */ = {
			isa = PBXSourcesBuildPhase;
			buildActionMask = 2147483647;
			files = (
				FFD82E0D252CCF7B0034012E /* LevelFourElements.swift in Sources */,
				FFD82DF5252CCE460034012E /* ChooseLevelScene.swift in Sources */,
				FFD82E03252CCF360034012E /* LevelFourScene.swift in Sources */,
				FF5B9170252670B300462DE7 /* MainMenuScene.swift in Sources */,
				FFD82E07252CCF610034012E /* LevelTwoElements.swift in Sources */,
				FFD82DF1252CCC460034012E /* MainMenuElements.swift in Sources */,
				FFEA1C8E251FBD7400E007E8 /* LevelOneElements.swift in Sources */,
				FFD82DEE252CCC300034012E /* ButtonElements.swift in Sources */,
				FFD82E00252CCF220034012E /* LevelThreeScene.swift in Sources */,
				FFEA1C58251FBA8800E007E8 /* GameViewController.swift in Sources */,
				FFD82E0A252CCF6E0034012E /* LevelThreeElements.swift in Sources */,
				FFD82DF9252CCF070034012E /* LevelOneScene.swift in Sources */,
				FFD82DFD252CCF130034012E /* LevelTwoScene.swift in Sources */,
				FFEA1C50251FBA8800E007E8 /* AppDelegate.swift in Sources */,
			);
			runOnlyForDeploymentPostprocessing = 0;
		};
/* End PBXSourcesBuildPhase section */

/* Begin PBXVariantGroup section */
		FFEA1C59251FBA8800E007E8 /* Main.storyboard */ = {
			isa = PBXVariantGroup;
			children = (
				FFEA1C5A251FBA8800E007E8 /* Base */,
			);
			name = Main.storyboard;
			sourceTree = "<group>";
		};
/* End PBXVariantGroup section */

/* Begin XCBuildConfiguration section */
		FFEA1C75251FBA8C00E007E8 /* Debug */ = {
			isa = XCBuildConfiguration;
			buildSettings = {
				ALWAYS_SEARCH_USER_PATHS = NO;
				CLANG_ANALYZER_NONNULL = YES;
				CLANG_ANALYZER_NUMBER_OBJECT_CONVERSION = YES_AGGRESSIVE;
				CLANG_CXX_LANGUAGE_STANDARD = "gnu++14";
				CLANG_CXX_LIBRARY = "libc++";
				CLANG_ENABLE_MODULES = YES;
				CLANG_ENABLE_OBJC_ARC = YES;
				CLANG_ENABLE_OBJC_WEAK = YES;
				CLANG_WARN_BLOCK_CAPTURE_AUTORELEASING = YES;
				CLANG_WARN_BOOL_CONVERSION = YES;
				CLANG_WARN_COMMA = YES;
				CLANG_WARN_CONSTANT_CONVERSION = YES;
				CLANG_WARN_DEPRECATED_OBJC_IMPLEMENTATIONS = YES;
				CLANG_WARN_DIRECT_OBJC_ISA_USAGE = YES_ERROR;
				CLANG_WARN_DOCUMENTATION_COMMENTS = YES;
				CLANG_WARN_EMPTY_BODY = YES;
				CLANG_WARN_ENUM_CONVERSION = YES;
				CLANG_WARN_INFINITE_RECURSION = YES;
				CLANG_WARN_INT_CONVERSION = YES;
				CLANG_WARN_NON_LITERAL_NULL_CONVERSION = YES;
				CLANG_WARN_OBJC_IMPLICIT_RETAIN_SELF = YES;
				CLANG_WARN_OBJC_LITERAL_CONVERSION = YES;
				CLANG_WARN_OBJC_ROOT_CLASS = YES_ERROR;
				CLANG_WARN_QUOTED_INCLUDE_IN_FRAMEWORK_HEADER = YES;
				CLANG_WARN_RANGE_LOOP_ANALYSIS = YES;
				CLANG_WARN_STRICT_PROTOTYPES = YES;
				CLANG_WARN_SUSPICIOUS_MOVE = YES;
				CLANG_WARN_UNGUARDED_AVAILABILITY = YES_AGGRESSIVE;
				CLANG_WARN_UNREACHABLE_CODE = YES;
				CLANG_WARN__DUPLICATE_METHOD_MATCH = YES;
				COPY_PHASE_STRIP = NO;
				DEBUG_INFORMATION_FORMAT = dwarf;
				ENABLE_STRICT_OBJC_MSGSEND = YES;
				ENABLE_TESTABILITY = YES;
				GCC_C_LANGUAGE_STANDARD = gnu11;
				GCC_DYNAMIC_NO_PIC = NO;
				GCC_NO_COMMON_BLOCKS = YES;
				GCC_OPTIMIZATION_LEVEL = 0;
				GCC_PREPROCESSOR_DEFINITIONS = (
					"DEBUG=1",
					"$(inherited)",
				);
				GCC_WARN_64_TO_32_BIT_CONVERSION = YES;
				GCC_WARN_ABOUT_RETURN_TYPE = YES_ERROR;
				GCC_WARN_UNDECLARED_SELECTOR = YES;
				GCC_WARN_UNINITIALIZED_AUTOS = YES_AGGRESSIVE;
				GCC_WARN_UNUSED_FUNCTION = YES;
				GCC_WARN_UNUSED_VARIABLE = YES;
				IPHONEOS_DEPLOYMENT_TARGET = 13.1;
				MTL_ENABLE_DEBUG_INFO = INCLUDE_SOURCE;
				MTL_FAST_MATH = YES;
				ONLY_ACTIVE_ARCH = YES;
				SDKROOT = iphoneos;
				SWIFT_ACTIVE_COMPILATION_CONDITIONS = DEBUG;
				SWIFT_OPTIMIZATION_LEVEL = "-Onone";
			};
			name = Debug;
		};
		FFEA1C76251FBA8C00E007E8 /* Release */ = {
			isa = XCBuildConfiguration;
			buildSettings = {
				ALWAYS_SEARCH_USER_PATHS = NO;
				CLANG_ANALYZER_NONNULL = YES;
				CLANG_ANALYZER_NUMBER_OBJECT_CONVERSION = YES_AGGRESSIVE;
				CLANG_CXX_LANGUAGE_STANDARD = "gnu++14";
				CLANG_CXX_LIBRARY = "libc++";
				CLANG_ENABLE_MODULES = YES;
				CLANG_ENABLE_OBJC_ARC = YES;
				CLANG_ENABLE_OBJC_WEAK = YES;
				CLANG_WARN_BLOCK_CAPTURE_AUTORELEASING = YES;
				CLANG_WARN_BOOL_CONVERSION = YES;
				CLANG_WARN_COMMA = YES;
				CLANG_WARN_CONSTANT_CONVERSION = YES;
				CLANG_WARN_DEPRECATED_OBJC_IMPLEMENTATIONS = YES;
				CLANG_WARN_DIRECT_OBJC_ISA_USAGE = YES_ERROR;
				CLANG_WARN_DOCUMENTATION_COMMENTS = YES;
				CLANG_WARN_EMPTY_BODY = YES;
				CLANG_WARN_ENUM_CONVERSION = YES;
				CLANG_WARN_INFINITE_RECURSION = YES;
				CLANG_WARN_INT_CONVERSION = YES;
				CLANG_WARN_NON_LITERAL_NULL_CONVERSION = YES;
				CLANG_WARN_OBJC_IMPLICIT_RETAIN_SELF = YES;
				CLANG_WARN_OBJC_LITERAL_CONVERSION = YES;
				CLANG_WARN_OBJC_ROOT_CLASS = YES_ERROR;
				CLANG_WARN_QUOTED_INCLUDE_IN_FRAMEWORK_HEADER = YES;
				CLANG_WARN_RANGE_LOOP_ANALYSIS = YES;
				CLANG_WARN_STRICT_PROTOTYPES = YES;
				CLANG_WARN_SUSPICIOUS_MOVE = YES;
				CLANG_WARN_UNGUARDED_AVAILABILITY = YES_AGGRESSIVE;
				CLANG_WARN_UNREACHABLE_CODE = YES;
				CLANG_WARN__DUPLICATE_METHOD_MATCH = YES;
				COPY_PHASE_STRIP = NO;
				DEBUG_INFORMATION_FORMAT = "dwarf-with-dsym";
				ENABLE_NS_ASSERTIONS = NO;
				ENABLE_STRICT_OBJC_MSGSEND = YES;
				GCC_C_LANGUAGE_STANDARD = gnu11;
				GCC_NO_COMMON_BLOCKS = YES;
				GCC_WARN_64_TO_32_BIT_CONVERSION = YES;
				GCC_WARN_ABOUT_RETURN_TYPE = YES_ERROR;
				GCC_WARN_UNDECLARED_SELECTOR = YES;
				GCC_WARN_UNINITIALIZED_AUTOS = YES_AGGRESSIVE;
				GCC_WARN_UNUSED_FUNCTION = YES;
				GCC_WARN_UNUSED_VARIABLE = YES;
				IPHONEOS_DEPLOYMENT_TARGET = 13.1;
				MTL_ENABLE_DEBUG_INFO = NO;
				MTL_FAST_MATH = YES;
				SDKROOT = iphoneos;
				SWIFT_COMPILATION_MODE = wholemodule;
				SWIFT_OPTIMIZATION_LEVEL = "-O";
				VALIDATE_PRODUCT = YES;
			};
			name = Release;
		};
		FFEA1C78251FBA8C00E007E8 /* Debug */ = {
			isa = XCBuildConfiguration;
			buildSettings = {
				ASSETCATALOG_COMPILER_APPICON_NAME = AppIcon;
				ASSETCATALOG_COMPILER_GLOBAL_ACCENT_COLOR_NAME = AccentColor;
				CODE_SIGN_STYLE = Automatic;
				DEVELOPMENT_TEAM = D2H83P2DRT;
				INFOPLIST_FILE = "Flappy Bao/Info.plist";
				LD_RUNPATH_SEARCH_PATHS = (
					"$(inherited)",
					"@executable_path/Frameworks",
				);
				PRODUCT_BUNDLE_IDENTIFIER = "com.isthissid.Flappy-Bao";
				PRODUCT_NAME = "$(TARGET_NAME)";
				SWIFT_VERSION = 5.0;
				TARGETED_DEVICE_FAMILY = "1,2";
			};
			name = Debug;
		};
		FFEA1C79251FBA8C00E007E8 /* Release */ = {
			isa = XCBuildConfiguration;
			buildSettings = {
				ASSETCATALOG_COMPILER_APPICON_NAME = AppIcon;
				ASSETCATALOG_COMPILER_GLOBAL_ACCENT_COLOR_NAME = AccentColor;
				CODE_SIGN_STYLE = Automatic;
				DEVELOPMENT_TEAM = D2H83P2DRT;
				INFOPLIST_FILE = "Flappy Bao/Info.plist";
				LD_RUNPATH_SEARCH_PATHS = (
					"$(inherited)",
					"@executable_path/Frameworks",
				);
				PRODUCT_BUNDLE_IDENTIFIER = "com.isthissid.Flappy-Bao";
				PRODUCT_NAME = "$(TARGET_NAME)";
				SWIFT_VERSION = 5.0;
				TARGETED_DEVICE_FAMILY = "1,2";
			};
			name = Release;
		};
/* End XCBuildConfiguration section */

/* Begin XCConfigurationList section */
		FFEA1C47251FBA8800E007E8 /* Build configuration list for PBXProject "Flappy Bao" */ = {
			isa = XCConfigurationList;
			buildConfigurations = (
				FFEA1C75251FBA8C00E007E8 /* Debug */,
				FFEA1C76251FBA8C00E007E8 /* Release */,
			);
			defaultConfigurationIsVisible = 0;
			defaultConfigurationName = Release;
		};
		FFEA1C77251FBA8C00E007E8 /* Build configuration list for PBXNativeTarget "Flappy Bao" */ = {
			isa = XCConfigurationList;
			buildConfigurations = (
				FFEA1C78251FBA8C00E007E8 /* Debug */,
				FFEA1C79251FBA8C00E007E8 /* Release */,
			);
			defaultConfigurationIsVisible = 0;
			defaultConfigurationName = Release;
		};
/* End XCConfigurationList section */
	};
	rootObject = FFEA1C44251FBA8800E007E8 /* Project object */;
}
